
Microsoft Visual Studio Solution File, Format Version 12.00
# Visual Studio Version 16
VisualStudioVersion = 16.0.30225.117
MinimumVisualStudioVersion = 10.0.40219.1
Project("{2150E333-8FDC-42A3-9474-1A3956D46DE8}") = "Solution Items", "Solution Items", "{FE653461-7150-47A8-9E60-391B79B3DDFF}"
	ProjectSection(SolutionItems) = preProject
		NuGet.config = NuGet.config
		README.md = README.md
	EndProjectSection
EndProject
Project("{2150E333-8FDC-42A3-9474-1A3956D46DE8}") = "src", "src", "{D14C9CF6-F7B0-456F-90FC-55D9B2508B1B}"
EndProject
Project("{9A19103F-16F7-4668-BE54-9A1E7A4F7556}") = "TrainingOcWithEntityFramework", "src\Tweb.Cms.Web\TrainingOcWithEntityFramework\TrainingOcWithEntityFramework.csproj", "{2FD3C055-9E4F-44D9-9355-9336350F42DA}"
EndProject
Project("{9A19103F-16F7-4668-BE54-9A1E7A4F7556}") = "eTweb.Data", "src\Tweb.Modules\eTweb.Data\eTweb.Data.csproj", "{1FAFA7E2-D224-4B70-8545-500C14E6225B}"
EndProject
Project("{9A19103F-16F7-4668-BE54-9A1E7A4F7556}") = "eTweb.Application", "src\Tweb.Modules\eTweb.Application\eTweb.Application.csproj", "{80CD773D-380D-4A26-98B9-58F99A3C69FC}"
EndProject
Project("{9A19103F-16F7-4668-BE54-9A1E7A4F7556}") = "MaterialDesignTheme", "src\Tweb.Themes\OrchardSkills.OrchardCore.MaterialDesignTheme\MaterialDesignTheme.csproj", "{93A14FF4-A706-46C4-8EC0-E10F81DA70DF}"
EndProject
Project("{9A19103F-16F7-4668-BE54-9A1E7A4F7556}") = "eTweb.Utilities", "src\Tweb.Modules\eTweb.Utilities\eTweb.Utilities.csproj", "{4FCE0854-70DB-4812-9B85-E008F5717914}"
EndProject
Project("{9A19103F-16F7-4668-BE54-9A1E7A4F7556}") = "eTweb.ViewModels", "src\Tweb.Modules\eTweb.ViewModels\eTweb.ViewModels.csproj", "{ABC8D122-FDE1-4543-90A3-2D4B0835CAB6}"
EndProject
Project("{9A19103F-16F7-4668-BE54-9A1E7A4F7556}") = "eTweb.BackenApi", "src\Tweb.WebApi\eTweb.BackenApi\eTweb.BackenApi.csproj", "{F006D3E6-AA59-4831-B3E1-34CE04E7C158}"
EndProject
Project("{2150E333-8FDC-42A3-9474-1A3956D46DE8}") = "1.Infrastructure", "1.Infrastructure", "{A6BEC9FE-E302-47E2-8D3E-9BCCC4275DFA}"
EndProject
Project("{2150E333-8FDC-42A3-9474-1A3956D46DE8}") = "2.Domain", "2.Domain", "{C6E553A1-F75F-42BC-8A23-AA202F27C9DD}"
EndProject
Project("{2150E333-8FDC-42A3-9474-1A3956D46DE8}") = "3.Hosts", "3.Hosts", "{F24B1610-80C0-4BD9-9939-AF5DDE1F5AA7}"
EndProject
Project("{2150E333-8FDC-42A3-9474-1A3956D46DE8}") = "4.Themes", "4.Themes", "{B6BF1630-7578-4813-A219-FF970B7717A1}"
EndProject
Project("{9A19103F-16F7-4668-BE54-9A1E7A4F7556}") = "eTweb.AdminApp", "src\Tweb.Appication\eTweb.AdminApp\eTweb.AdminApp.csproj", "{99EF81F7-B82D-4E91-B2C1-08F445F14F60}"
EndProject
Global
	GlobalSection(SolutionConfigurationPlatforms) = preSolution
		Debug|Any CPU = Debug|Any CPU
		Release|Any CPU = Release|Any CPU
	EndGlobalSection
	GlobalSection(ProjectConfigurationPlatforms) = postSolution
		{2FD3C055-9E4F-44D9-9355-9336350F42DA}.Debug|Any CPU.ActiveCfg = Debug|Any CPU
		{2FD3C055-9E4F-44D9-9355-9336350F42DA}.Debug|Any CPU.Build.0 = Debug|Any CPU
		{2FD3C055-9E4F-44D9-9355-9336350F42DA}.Release|Any CPU.ActiveCfg = Release|Any CPU
		{2FD3C055-9E4F-44D9-9355-9336350F42DA}.Release|Any CPU.Build.0 = Release|Any CPU
		{1FAFA7E2-D224-4B70-8545-500C14E6225B}.Debug|Any CPU.ActiveCfg = Debug|Any CPU
		{1FAFA7E2-D224-4B70-8545-500C14E6225B}.Debug|Any CPU.Build.0 = Debug|Any CPU
		{1FAFA7E2-D224-4B70-8545-500C14E6225B}.Release|Any CPU.ActiveCfg = Release|Any CPU
		{1FAFA7E2-D224-4B70-8545-500C14E6225B}.Release|Any CPU.Build.0 = Release|Any CPU
		{80CD773D-380D-4A26-98B9-58F99A3C69FC}.Debug|Any CPU.ActiveCfg = Debug|Any CPU
		{80CD773D-380D-4A26-98B9-58F99A3C69FC}.Debug|Any CPU.Build.0 = Debug|Any CPU
		{80CD773D-380D-4A26-98B9-58F99A3C69FC}.Release|Any CPU.ActiveCfg = Release|Any CPU
		{80CD773D-380D-4A26-98B9-58F99A3C69FC}.Release|Any CPU.Build.0 = Release|Any CPU
		{93A14FF4-A706-46C4-8EC0-E10F81DA70DF}.Debug|Any CPU.ActiveCfg = Debug|Any CPU
		{93A14FF4-A706-46C4-8EC0-E10F81DA70DF}.Debug|Any CPU.Build.0 = Debug|Any CPU
		{93A14FF4-A706-46C4-8EC0-E10F81DA70DF}.Release|Any CPU.ActiveCfg = Release|Any CPU
		{93A14FF4-A706-46C4-8EC0-E10F81DA70DF}.Release|Any CPU.Build.0 = Release|Any CPU
		{4FCE0854-70DB-4812-9B85-E008F5717914}.Debug|Any CPU.ActiveCfg = Debug|Any CPU
		{4FCE0854-70DB-4812-9B85-E008F5717914}.Debug|Any CPU.Build.0 = Debug|Any CPU
		{4FCE0854-70DB-4812-9B85-E008F5717914}.Release|Any CPU.ActiveCfg = Release|Any CPU
		{4FCE0854-70DB-4812-9B85-E008F5717914}.Release|Any CPU.Build.0 = Release|Any CPU
		{ABC8D122-FDE1-4543-90A3-2D4B0835CAB6}.Debug|Any CPU.ActiveCfg = Debug|Any CPU
		{ABC8D122-FDE1-4543-90A3-2D4B0835CAB6}.Debug|Any CPU.Build.0 = Debug|Any CPU
		{ABC8D122-FDE1-4543-90A3-2D4B0835CAB6}.Release|Any CPU.ActiveCfg = Release|Any CPU
		{ABC8D122-FDE1-4543-90A3-2D4B0835CAB6}.Release|Any CPU.Build.0 = Release|Any CPU
		{F006D3E6-AA59-4831-B3E1-34CE04E7C158}.Debug|Any CPU.ActiveCfg = Debug|Any CPU
		{F006D3E6-AA59-4831-B3E1-34CE04E7C158}.Debug|Any CPU.Build.0 = Debug|Any CPU
		{F006D3E6-AA59-4831-B3E1-34CE04E7C158}.Release|Any CPU.ActiveCfg = Release|Any CPU
		{F006D3E6-AA59-4831-B3E1-34CE04E7C158}.Release|Any CPU.Build.0 = Release|Any CPU
		{99EF81F7-B82D-4E91-B2C1-08F445F14F60}.Debug|Any CPU.ActiveCfg = Debug|Any CPU
		{99EF81F7-B82D-4E91-B2C1-08F445F14F60}.Debug|Any CPU.Build.0 = Debug|Any CPU
		{99EF81F7-B82D-4E91-B2C1-08F445F14F60}.Release|Any CPU.ActiveCfg = Release|Any CPU
		{99EF81F7-B82D-4E91-B2C1-08F445F14F60}.Release|Any CPU.Build.0 = Release|Any CPU
	EndGlobalSection
	GlobalSection(SolutionProperties) = preSolution
		HideSolutionNode = FALSE
	EndGlobalSection
	GlobalSection(NestedProjects) = preSolution
		{2FD3C055-9E4F-44D9-9355-9336350F42DA} = {F24B1610-80C0-4BD9-9939-AF5DDE1F5AA7}
		{1FAFA7E2-D224-4B70-8545-500C14E6225B} = {C6E553A1-F75F-42BC-8A23-AA202F27C9DD}
		{80CD773D-380D-4A26-98B9-58F99A3C69FC} = {C6E553A1-F75F-42BC-8A23-AA202F27C9DD}
		{93A14FF4-A706-46C4-8EC0-E10F81DA70DF} = {B6BF1630-7578-4813-A219-FF970B7717A1}
		{4FCE0854-70DB-4812-9B85-E008F5717914} = {A6BEC9FE-E302-47E2-8D3E-9BCCC4275DFA}
		{ABC8D122-FDE1-4543-90A3-2D4B0835CAB6} = {A6BEC9FE-E302-47E2-8D3E-9BCCC4275DFA}
		{F006D3E6-AA59-4831-B3E1-34CE04E7C158} = {F24B1610-80C0-4BD9-9939-AF5DDE1F5AA7}
		{A6BEC9FE-E302-47E2-8D3E-9BCCC4275DFA} = {D14C9CF6-F7B0-456F-90FC-55D9B2508B1B}
		{C6E553A1-F75F-42BC-8A23-AA202F27C9DD} = {D14C9CF6-F7B0-456F-90FC-55D9B2508B1B}
		{F24B1610-80C0-4BD9-9939-AF5DDE1F5AA7} = {D14C9CF6-F7B0-456F-90FC-55D9B2508B1B}
		{B6BF1630-7578-4813-A219-FF970B7717A1} = {F24B1610-80C0-4BD9-9939-AF5DDE1F5AA7}
		{99EF81F7-B82D-4E91-B2C1-08F445F14F60} = {F24B1610-80C0-4BD9-9939-AF5DDE1F5AA7}
	EndGlobalSection
	GlobalSection(ExtensibilityGlobals) = postSolution
		SolutionGuid = {FA7EEA56-47A3-4094-8F41-F69DE07F27B6}
	EndGlobalSection
EndGlobal
